github.com/beorn7/perks v1.0.1 h1:VlbKKnNfV8bJzeqoa4cOKqO6bYr3WgKZxO8Z16+hsOM=
github.com/beorn7/perks v1.0.1/go.mod h1:G2ZrVWU2WbWT9wwq4/hrbKbnv/1ERSJQ0ibhJ6rlkpw=
github.com/cespare/xxhash/v2 v2.3.0 h1:UL815xU9SqsFlibzuggzjXhog7bL6oX9BbNZnL2UFvs=
github.com/cespare/xxhash/v2 v2.3.0/go.mod h1:VGX0DQ3Q6kWi7AoAeZDth3/j3BFtOZR5XLFGgcrjCOs=
github.com/davecgh/go-spew v1.1.0/go.mod h1:J7Y8YcW2NihsgmVo/mv3lAwl/skON4iLHjSsI+c5H38=
github.com/davecgh/go-spew v1.1.1 h1:vj9j/u1bqnvCEfJOwUhtlOARqs3+rkHYY13jYWTU97c=
github.com/davecgh/go-spew v1.1.1/go.mod h1:J7Y8YcW2NihsgmVo/mv3lAwl/skON4iLHjSsI+c5H38=
github.com/dustin/go-humanize v1.0.1 h1:GzkhY7T5VNhEkwH0PVJgjz+fX1rhBrR7pRT3mDkpeCY=
github.com/dustin/go-humanize v1.0.1/go.mod h1:Mu1zIs6XwVuF/gI1OepvI0qD18qycQx+mFykh5fBlto=
github.com/elastic/elastic-transport-go/v8 v8.7.0 h1:OgTneVuXP2uip4BA658Xi6Hfw+PeIOod2rY3GVMGoVE=
github.com/elastic/elastic-transport-go/v8 v8.7.0/go.mod h1:YLHer5cj0csTzNFXoNQ8qhtGY1GTvSqPnKWKaqQE3Hk=
github.com/elastic/go-elasticsearch/v8 v8.18.1 h1:lPsN2Wk6+QqBeD4ckmOax7G/Y8tAZgroDYG8j6/5Ce0=
github.com/elastic/go-elasticsearch/v8 v8.18.1/go.mod h1:F3j9e+BubmKvzvLjNui/1++nJuJxbkhHefbaT0kFKGY=
github.com/go-logr/logr v1.2.2/go.mod h1:jdQByPbusPIv2/zmleS9BjJVeZ6kBagPoEUsqbVz/1A=
github.com/go-logr/logr v1.4.2 h1:6pFjapn8bFcIbiKo3XT4j/BhANplGihG6tvd+8rYgrY=
github.com/go-logr/logr v1.4.2/go.mod h1:9T104GzyrTigFIr8wt5mBrctHMim0Nb2HLGrmQ40KvY=
github.com/go-logr/stdr v1.2.2 h1:hSWxHoqTgW2S2qGc0LTAI563KZ5YKYRhT3MFKZMbjag=
github.com/go-logr/stdr v1.2.2/go.mod h1:mMo/vtBO5dYbehREoey6XUKy/eSumjCCveDpRre4VKE=
github.com/google/go-cmp v0.7.0 h1:wk8382ETsv4JYUZwIsn6YpYiWiBsYLSJiTsyBybVuN8=
github.com/google/go-cmp v0.7.0/go.mod h1:pXiqmnSA92OHEEa9HXL2W4E7lf9JzCmGVUdgjX3N/iU=
github.com/google/gofuzz v1.0.0/go.mod h1:dBl0BpW6vV/+mYPU4Po3pmUjxk6FQPldtuIdl/M65Eg=
github.com/google/pprof v0.0.0-20250317173921-a4b03ec1a45e h1:ijClszYn+mADRFY17kjQEVQ1XRhq2/JR1M3sGqeJoxs=
github.com/google/pprof v0.0.0-20250317173921-a4b03ec1a45e/go.mod h1:boTsfXsheKC2y+lKOCMpSfarhxDeIzfZG1jqGcPl3cA=
github.com/google/uuid v1.6.0 h1:NIvaJDMOsjHA8n1jAhLSgzrAzy1Hgr+hNrb57e+94F0=
github.com/google/uuid v1.6.0/go.mod h1:TIyPZe4MgqvfeYDBFedMoGGpEw/LqOeaOT+nhxU+yHo=
github.com/gorilla/mux v1.8.1 h1:TuBL49tXwgrFYWhqrNgrUNEY92u81SPhu7sTdzQEiWY=
github.com/gorilla/mux v1.8.1/go.mod h1:AKf9I4AEqPTmMytcMc0KkNouC66V3BtZ4qD5fmWSiMQ=
github.com/jpillora/backoff v1.0.0 h1:uvFg412JmmHBHw7iwprIxkPMI+sGQ4kzOWsMeHnm2EA=
github.com/jpillora/backoff v1.0.0/go.mod h1:J/6gKK9jxlEcS3zixgDgUAsiuZ7yrSoa/FX5e0EB2j4=
github.com/json-iterator/go v1.1.12 h1:PV8peI4a0ysnczrg+LtxykD8LfKY9ML6u2jnxaEnrnM=
github.com/json-iterator/go v1.1.12/go.mod h1:e30LSqwooZae/UwlEbR2852Gd8hjQvJoHmT4TnhNGBo=
github.com/mattn/go-isatty v0.0.20 h1:xfD0iDuEKnDkl03q4limB+vH+GxLEtL/jb4xVJSWWEY=
github.com/mattn/go-isatty v0.0.20/go.mod h1:W+V8PltTTMOvKvAeJH7IuucS94S2C6jfK/D7dTCTo3Y=
github.com/modern-go/concurrent v0.0.0-20180228061459-e0a39a4cb421/go.mod h1:6dJC0mAP4ikYIbvyc7fijjWJddQyLn8Ig3JB5CqoB9Q=
github.com/modern-go/concurrent v0.0.0-20180306012644-bacd9c7ef1dd h1:TRLaZ9cD/w8PVh93nsPXa1VrQ6jlwL5oN8l14QlcNfg=
github.com/modern-go/concurrent v0.0.0-20180306012644-bacd9c7ef1dd/go.mod h1:6dJC0mAP4ikYIbvyc7fijjWJddQyLn8Ig3JB5CqoB9Q=
github.com/modern-go/reflect2 v1.0.2 h1:xBagoLtFs94CBntxluKeaWgTMpvLxC4ur3nMaC9Gz0M=
github.com/modern-go/reflect2 v1.0.2/go.mod h1:yWuevngMOJpCy52FWWMvUC8ws7m/LJsjYzDa0/r8luk=
github.com/munnerz/goautoneg v0.0.0-20191010083416-a7dc8b61c822 h1:C3w9PqII01/Oq1c1nUAm88MOHcQC9l5mIlSMApZMrHA=
github.com/munnerz/goautoneg v0.0.0-20191010083416-a7dc8b61c822/go.mod h1:+n7T8mK8HuQTcFwEeznm/DIxMOiR9yIdICNftLE1DvQ=
github.com/mwitkow/go-conntrack v0.0.0-20190716064945-2f068394615f h1:KUppIJq7/+SVif2QVs3tOP0zanoHgBEVAwHxUSIzRqU=
github.com/mwitkow/go-conntrack v0.0.0-20190716064945-2f068394615f/go.mod h1:qRWi+5nqEBWmkhHvq77mSJWrCKwh8bxhgT7d/eI7P4U=
github.com/ncruces/go-strftime v0.1.9 h1:bY0MQC28UADQmHmaF5dgpLmImcShSi2kHU9XLdhx/f4=
github.com/ncruces/go-strftime v0.1.9/go.mod h1:Fwc5htZGVVkseilnfgOVb9mKy6w1naJmn9CehxcKcls=
github.com/omec-project/aper v1.3.2 h1:fqbb33B2anZmmG+HgTnHG3BW3dhjALqXxJYZT16ozbU=
github.com/omec-project/aper v1.3.2/go.mod h1:PbyVAWrBniVP3hB8Fu7BNKJN18zn6zI7ykD4G11Ba0U=
github.com/omec-project/ngap v1.6.1 h1:BegHQ0HdJbftEEr87hKFabLw8Lt2ES4xRFDbCpm/GYY=
github.com/omec-project/ngap v1.6.1/go.mod h1:Mljr23g8A79HzpgbMw+/NzbIjnV0y+LRKXr4eZzgWJM=
github.com/pmezard/go-difflib v1.0.0 h1:4DBwDE0NGyQoBHbLQYPwSUPoCMWR5BEzIk/f1lZbAQM=
github.com/pmezard/go-difflib v1.0.0/go.mod h1:iKH77koFhYxTK1pcRnkKkqfTogsbg7gZNVY4sRDYZ/4=
github.com/prometheus/client_golang v1.22.0 h1:rb93p9lokFEsctTys46VnV1kLCDpVZ0a/Y92Vm0Zc6Q=
github.com/prometheus/client_golang v1.22.0/go.mod h1:R7ljNsLXhuQXYZYtw6GAE9AZg8Y7vEW5scdCXrWRXC0=
github.com/prometheus/client_model v0.6.1 h1:ZKSh/rekM+n3CeS952MLRAdFwIKqeY8b62p8ais2e9E=
github.com/prometheus/client_model v0.6.1/go.mod h1:OrxVMOVHjw3lKMa8+x6HeMGkHMQyHDk9E3jmP2AmGiY=
github.com/prometheus/common v0.62.0 h1:xasJaQlnWAeyHdUBeGjXmutelfJHWMRr+Fg4QszZ2Io=
github.com/prometheus/common v0.62.0/go.mod h1:vyBcEuLSvWos9B1+CyL7JZ2up+uFzXhkqml0W5zIY1I=
github.com/prometheus/procfs v0.15.1 h1:YagwOFzUgYfKKHX6Dr+sHT7km/hxC76UB0learggepc=
github.com/prometheus/procfs v0.15.1/go.mod h1:fB45yRUv8NstnjriLhBQLuOUt+WW4BsoGhij/e3PBqk=
github.com/remyoudompheng/bigfft v0.0.0-20230129092748-24d4a6f8daec h1:W09IVJc94icq4NjY3clb7Lk8O1qJ8BdBEF8z0ibU0rE=
github.com/remyoudompheng/bigfft v0.0.0-20230129092748-24d4a6f8daec/go.mod h1:qqbHyh8v60DhA7CoWK5oRCqLrMHRGoxYCSS9EjAz6Eo=
github.com/stretchr/objx v0.1.0/go.mod h1:HFkY916IF+rwdDfMAkV7OtwuqBVzrE8GR6GFx+wExME=
github.com/stretchr/testify v1.3.0/go.mod h1:M5WIy9Dh21IEIfnGCwXGc5bZfKNJtfHm1UVUgZn+9EI=
github.com/stretchr/testify v1.11.1 h1:7s2iGBzp5EwR7/aIZr8ao5+dra3wiQyKjjFuvgVKu7U=
github.com/stretchr/testify v1.11.1/go.mod h1:wZwfW3scLgRK+23gO65QZefKpKQRnfz6sD981Nm4B6U=
go.opentelemetry.io/otel v1.28.0 h1:/SqNcYk+idO0CxKEUOtKQClMK/MimZihKYMruSMViUo=
go.opentelemetry.io/otel v1.28.0/go.mod h1:q68ijF8Fc8CnMHKyzqL6akLO46ePnjkgfIMIjUIX9z4=
go.opentelemetry.io/otel/metric v1.28.0 h1:f0HGvSl1KRAU1DLgLGFjrwVyismPlnuU6JD6bOeuA5Q=
go.opentelemetry.io/otel/metric v1.28.0/go.mod h1:Fb1eVBFZmLVTMb6PPohq3TO9IIhUisDsbJoL/+uQW4s=
go.opentelemetry.io/otel/sdk v1.21.0 h1:FTt8qirL1EysG6sTQRZ5TokkU8d0ugCj8htOgThZXQ8=
go.opentelemetry.io/otel/sdk v1.21.0/go.mod h1:Nna6Yv7PWTdgJHVRD9hIYywQBRx7pbox6nwBnZIxl/E=
go.opentelemetry.io/otel/trace v1.28.0 h1:GhQ9cUuQGmNDd5BTCP2dAvv75RdMxEfTmYejp+lkx9g=
go.opentelemetry.io/otel/trace v1.28.0/go.mod h1:jPyXzNPg6da9+38HEwElrQiHlVMTnVfM3/yv2OlIHaI=
go.uber.org/goleak v1.3.0 h1:2K3zAYmnTNqV73imy9J1T3WC+gmCePx2hEGkimedGto=
go.uber.org/goleak v1.3.0/go.mod h1:CoHD4mav9JJNrW/WLlf7HGZPjdw8EucARQHekz1X6bE=
go.uber.org/multierr v1.11.0 h1:blXXJkSxSSfBVBlC76pxqeO+LN3aDfLQo+309xJstO0=
go.uber.org/multierr v1.11.0/go.mod h1:20+QtiLqy0Nd6FdQB9TLXag12DsQkrbs3htMFfDN80Y=
go.uber.org/zap v1.27.0 h1:aJMhYGrd5QSmlpLMr2MftRKl7t8J8PTZPA732ud/XR8=
go.uber.org/zap v1.27.0/go.mod h1:GB2qFLM7cTU87MWRP2mPIjqfIDnGu+VIO4V/SdhGo2E=
golang.org/x/exp v0.0.0-20250620022241-b7579e27df2b h1:M2rDM6z3Fhozi9O7NWsxAkg/yqS/lQJ6PmkyIV3YP+o=
golang.org/x/exp v0.0.0-20250620022241-b7579e27df2b/go.mod h1:3//PLf8L/X+8b4vuAfHzxeRUl04Adcb341+IGKfnqS8=
golang.org/x/mod v0.25.0 h1:n7a+ZbQKQA/Ysbyb0/6IbB1H/X41mKgbhfv7AfG/44w=
golang.org/x/mod v0.25.0/go.mod h1:IXM97Txy2VM4PJ3gI61r1YEk/gAj6zAHN3AdZt6S9Ww=
golang.org/x/net v0.33.0 h1:74SYHlV8BIgHIFC/LrYkOGIwL19eTYXQ5wc6TBuO36I=
golang.org/x/net v0.33.0/go.mod h1:HXLR5J+9DxmrqMwG9qjGCxZ+zKXxBru04zlTvWlWuN4=
golang.org/x/oauth2 v0.24.0 h1:KTBBxWqUa0ykRPLtV69rRto9TLXcqYkeswu48x/gvNE=
golang.org/x/oauth2 v0.24.0/go.mod h1:XYTD2NtWslqkgxebSiOHnXEap4TF09sJSc7H1sXbhtI=
golang.org/x/sync v0.15.0 h1:KWH3jNZsfyT6xfAfKiz6MRNmd46ByHDYaZ7KSkCtdW8=
golang.org/x/sync v0.15.0/go.mod h1:1dzgHSNfp02xaA81J2MS99Qcpr2w7fw1gpm99rleRqA=
golang.org/x/sys v0.6.0/go.mod h1:oPkhp1MJrh7nUepCBck5+mAzfO9JrbApNNgaTdGDITg=
golang.org/x/sys v0.34.0 h1:H5Y5sJ2L2JRdyv7ROF1he/lPdvFsd0mJHFw2ThKHxLA=
golang.org/x/sys v0.34.0/go.mod h1:BJP2sWEmIv4KK5OTEluFJCKSidICx8ciO85XgH3Ak8k=
golang.org/x/text v0.21.0 h1:zyQAAkrwaneQ066sspRyJaG9VNi/YJ1NfzcGB3hZ/qo=
golang.org/x/text v0.21.0/go.mod h1:4IBbMaMmOPCJ8SecivzSH54+73PCFmPWxNTLm+vZkEQ=
golang.org/x/tools v0.34.0 h1:qIpSLOxeCYGg9TrcJokLBG4KFA6d795g0xkBkiESGlo=
golang.org/x/tools v0.34.0/go.mod h1:pAP9OwEaY1CAW3HOmg3hLZC5Z0CCmzjAF2UQMSqNARg=
google.golang.org/protobuf v1.36.5 h1:tPhr+woSbjfYvY6/GPufUoYizxw1cF/yFoxJ2fmpwlM=
google.golang.org/protobuf v1.36.5/go.mod h1:9fA7Ob0pmnwhb644+1+CVWFRbNajQ6iRojtC/QF5bRE=
gopkg.in/yaml.v2 v2.4.0 h1:D8xgwECY7CYvx+Y2n4sBz93Jn9JRvxdiyyo8CTfuKaY=
gopkg.in/yaml.v2 v2.4.0/go.mod h1:RDklbk79AGWmwhnvt/jBztapEOGDOx6ZbXqjP6csGnQ=
gopkg.in/yaml.v3 v3.0.1 h1:fxVm/GzAzEWqLHuvctI91KS9hhNmmWOoWu0XTYJS7CA=
gopkg.in/yaml.v3 v3.0.1/go.mod h1:K4uyk7z7BCEPqu6E+C64Yfv1cQ7kz7rIZviUmN+EgEM=
modernc.org/cc/v4 v4.26.2 h1:991HMkLjJzYBIfha6ECZdjrIYz2/1ayr+FL8GN+CNzM=
modernc.org/cc/v4 v4.26.2/go.mod h1:uVtb5OGqUKpoLWhqwNQo/8LwvoiEBLvZXIQ/SmO6mL0=
modernc.org/ccgo/v4 v4.28.0 h1:rjznn6WWehKq7dG4JtLRKxb52Ecv8OUGah8+Z/SfpNU=
modernc.org/ccgo/v4 v4.28.0/go.mod h1:JygV3+9AV6SmPhDasu4JgquwU81XAKLd3OKTUDNOiKE=
modernc.org/fileutil v1.3.8 h1:qtzNm7ED75pd1C7WgAGcK4edm4fvhtBsEiI/0NQ54YM=
modernc.org/fileutil v1.3.8/go.mod h1:HxmghZSZVAz/LXcMNwZPA/DRrQZEVP9VX0V4LQGQFOc=
modernc.org/gc/v2 v2.6.5 h1:nyqdV8q46KvTpZlsw66kWqwXRHdjIlJOhG6kxiV/9xI=
modernc.org/gc/v2 v2.6.5/go.mod h1:YgIahr1ypgfe7chRuJi2gD7DBQiKSLMPgBQe9oIiito=
modernc.org/goabi0 v0.2.0 h1:HvEowk7LxcPd0eq6mVOAEMai46V+i7Jrj13t4AzuNks=
modernc.org/goabi0 v0.2.0/go.mod h1:CEFRnnJhKvWT1c1JTI3Avm+tgOWbkOu5oPA8eH8LnMI=
modernc.org/libc v1.66.3 h1:cfCbjTUcdsKyyZZfEUKfoHcP3S0Wkvz3jgSzByEWVCQ=
modernc.org/libc v1.66.3/go.mod h1:XD9zO8kt59cANKvHPXpx7yS2ELPheAey0vjIuZOhOU8=
modernc.org/mathutil v1.7.1 h1:GCZVGXdaN8gTqB1Mf/usp1Y/hSqgI2vAGGP4jZMCxOU=
modernc.org/mathutil v1.7.1/go.mod h1:4p5IwJITfppl0G4sUEDtCr4DthTaT47/N3aT6MhfgJg=
modernc.org/memory v1.11.0 h1:o4QC8aMQzmcwCK3t3Ux/ZHmwFPzE6hf2Y5LbkRs+hbI=
modernc.org/memory v1.11.0/go.mod h1:/JP4VbVC+K5sU2wZi9bHoq2MAkCnrt2r98UGeSK7Mjw=
modernc.org/opt v0.1.4 h1:2kNGMRiUjrp4LcaPuLY2PzUfqM/w9N23quVwhKt5Qm8=
modernc.org/opt v0.1.4/go.mod h1:03fq9lsNfvkYSfxrfUhZCWPk1lm4cq4N+Bh//bEtgns=
modernc.org/sortutil v1.2.1 h1:+xyoGf15mM3NMlPDnFqrteY07klSFxLElE2PVuWIJ7w=
modernc.org/sortutil v1.2.1/go.mod h1:7ZI3a3REbai7gzCLcotuw9AC4VZVpYMjDzETGsSMqJE=
modernc.org/sqlite v1.38.2 h1:Aclu7+tgjgcQVShZqim41Bbw9Cho0y/7WzYptXqkEek=
modernc.org/sqlite v1.38.2/go.mod h1:cPTJYSlgg3Sfg046yBShXENNtPrWrDX8bsbAQBzgQ5E=
modernc.org/strutil v1.2.1 h1:UneZBkQA+DX2Rp35KcM69cSsNES9ly8mQWD71HKlOA0=
modernc.org/strutil v1.2.1/go.mod h1:EHkiggD70koQxjVdSBM3JKM7k6L0FbGE5eymy9i3B9A=
modernc.org/token v1.1.0 h1:Xl7Ap9dKaEs5kLoOQeQmPWevfnk/DM5qcLcYlA8ys6Y=
modernc.org/token v1.1.0/go.mod h1:UGzOrNV1mAFSEB63lOFHIpNRUVMvYTc6yu1SMY/XTDM=
